<?xml version="1.0" encoding="utf-8"?>
<Project ToolsVersion="4.0" xmlns="http://schemas.microsoft.com/developer/msbuild/2003">
  <ItemGroup>
    <Filter Include="Source Files">
      <UniqueIdentifier>{4FC737F1-C7A5-4376-A066-2A32D752A2FF}</UniqueIdentifier>
      <Extensions>cpp;c;cc;cxx;def;odl;idl;hpj;bat;asm;asmx</Extensions>
    </Filter>
    <Filter Include="Header Files">
      <UniqueIdentifier>{93995380-89BD-4b04-88EB-625FBE52EBFB}</UniqueIdentifier>
      <Extensions>h;hh;hpp;hxx;hm;inl;inc;xsd</Extensions>
    </Filter>
    <Filter Include="Resource Files">
      <UniqueIdentifier>{67DA6AB6-F800-4c08-8B7A-83BB121AAD01}</UniqueIdentifier>
      <Extensions>rc;ico;cur;bmp;dlg;rc2;rct;bin;rgs;gif;jpg;jpeg;jpe;resx;tiff;tif;png;wav;mfcribbon-ms</Extensions>
    </Filter>
    <Filter Include="Source Files\StateTypes">
      <UniqueIdentifier>{8bcc7bb6-c459-47d2-8e33-11e8224e7fe0}</UniqueIdentifier>
    </Filter>
    <Filter Include="Source Files\StateTypes\GameStates">
      <UniqueIdentifier>{4c50eb12-5af5-4e94-858a-49f97ecb7b84}</UniqueIdentifier>
    </Filter>
    <Filter Include="Header Files\StateTypes">
      <UniqueIdentifier>{f0cb9468-edea-42ad-9e90-94bc40491bf8}</UniqueIdentifier>
    </Filter>
    <Filter Include="Header Files\StateTypes\GameStates">
      <UniqueIdentifier>{9ddc1b5f-bcd1-4468-805e-14ee7db3bc6a}</UniqueIdentifier>
    </Filter>
    <Filter Include="Source Files\StateTypes\PlayerStates">
      <UniqueIdentifier>{fb491349-0b4a-407a-be6b-8ee21509051c}</UniqueIdentifier>
    </Filter>
    <Filter Include="Source Files\Components">
      <UniqueIdentifier>{00c65d93-0dd6-4dcd-b485-5de9ed0a6bbb}</UniqueIdentifier>
    </Filter>
    <Filter Include="Header Files\StateTypes\PlayerStates">
      <UniqueIdentifier>{b7f93acb-5945-4eb9-9e9e-3afdf0d8ec78}</UniqueIdentifier>
    </Filter>
    <Filter Include="Header Files\Components">
      <UniqueIdentifier>{6090ab14-9a80-4200-bdc3-d6ac55842bc4}</UniqueIdentifier>
    </Filter>
    <Filter Include="Source Files\Game Framework">
      <UniqueIdentifier>{ec0244df-e1bf-4f83-b1dc-e00666e32a0a}</UniqueIdentifier>
    </Filter>
    <Filter Include="Header Files\Game Framework">
      <UniqueIdentifier>{cc5fbcbe-a3fc-41a9-b61a-8ffd647b46b7}</UniqueIdentifier>
    </Filter>
    <Filter Include="Source Files\To Sort">
      <UniqueIdentifier>{a61d367f-ec68-4fcd-a26d-534ab5c7ddec}</UniqueIdentifier>
    </Filter>
    <Filter Include="Header Files\Shaders">
      <UniqueIdentifier>{9ba8aeca-3831-4e41-849c-e3d381e134f9}</UniqueIdentifier>
    </Filter>
    <Filter Include="Header Files\Shaders\Vertex Shaders">
      <UniqueIdentifier>{052bff47-e526-492b-93b2-ae5607003b37}</UniqueIdentifier>
    </Filter>
    <Filter Include="Header Files\Shaders\Pixel Shaders">
      <UniqueIdentifier>{36044e81-8c42-430c-b652-b66e440060eb}</UniqueIdentifier>
    </Filter>
  </ItemGroup>
  <ItemGroup>
    <ClCompile Include="main.cpp">
      <Filter>Source Files</Filter>
    </ClCompile>
    <ClCompile Include="DX11Base.cpp">
      <Filter>Source Files</Filter>
    </ClCompile>
    <ClCompile Include="Game.cpp">
      <Filter>Source Files</Filter>
    </ClCompile>
    <ClCompile Include="State.cpp">
      <Filter>Source Files</Filter>
    </ClCompile>
    <ClCompile Include="Playing.cpp">
      <Filter>Source Files\StateTypes\GameStates</Filter>
    </ClCompile>
    <ClCompile Include="GameState.cpp">
      <Filter>Source Files\StateTypes</Filter>
    </ClCompile>
    <ClCompile Include="MainMenu.cpp">
      <Filter>Source Files\StateTypes\GameStates</Filter>
    </ClCompile>
    <ClCompile Include="PlayerState.cpp">
      <Filter>Source Files\StateTypes</Filter>
    </ClCompile>
    <ClCompile Include="Idle.cpp">
      <Filter>Source Files\StateTypes\PlayerStates</Filter>
    </ClCompile>
    <ClCompile Include="Walking.cpp">
      <Filter>Source Files\StateTypes\PlayerStates</Filter>
    </ClCompile>
    <ClCompile Include="InputComponent.cpp">
      <Filter>Source Files\Components</Filter>
    </ClCompile>
    <ClCompile Include="CollisionComponent.cpp">
      <Filter>Source Files\Components</Filter>
    </ClCompile>
    <ClCompile Include="StaticMeshComponent.cpp">
      <Filter>Source Files\Components</Filter>
    </ClCompile>
    <ClCompile Include="MeshVertex.cpp">
      <Filter>Source Files</Filter>
    </ClCompile>
    <ClCompile Include="Character.cpp">
      <Filter>Source Files\Game Framework</Filter>
    </ClCompile>
    <ClCompile Include="GameObject.cpp">
      <Filter>Source Files\Game Framework</Filter>
    </ClCompile>
    <ClCompile Include="Player.cpp">
      <Filter>Source Files\Game Framework</Filter>
    </ClCompile>
    <ClCompile Include="CameraComponent.cpp">
      <Filter>Source Files\Components</Filter>
    </ClCompile>
    <ClCompile Include="TextureComponent.cpp">
      <Filter>Source Files\Components</Filter>
    </ClCompile>
    <ClCompile Include="RenderingComponent.cpp">
      <Filter>Source Files\Components</Filter>
    </ClCompile>
    <ClCompile Include="TextureShader.cpp">
      <Filter>Source Files\To Sort</Filter>
    </ClCompile>
    <ClCompile Include="Util.cpp">
      <Filter>Source Files\To Sort</Filter>
    </ClCompile>
    <ClCompile Include="D3DComponent.cpp">
      <Filter>Source Files\Components</Filter>
    </ClCompile>
  </ItemGroup>
  <ItemGroup>
    <ClInclude Include="DX11Base.h">
      <Filter>Header Files</Filter>
    </ClInclude>
    <ClInclude Include="Game.h">
      <Filter>Header Files</Filter>
    </ClInclude>
    <ClInclude Include="State.h">
      <Filter>Header Files</Filter>
    </ClInclude>
    <ClInclude Include="GameState.h">
      <Filter>Header Files\StateTypes</Filter>
    </ClInclude>
    <ClInclude Include="Playing.h">
      <Filter>Header Files\StateTypes\GameStates</Filter>
    </ClInclude>
    <ClInclude Include="MainMenu.h">
      <Filter>Header Files\StateTypes\GameStates</Filter>
    </ClInclude>
    <ClInclude Include="PlayerState.h">
      <Filter>Header Files\StateTypes</Filter>
    </ClInclude>
    <ClInclude Include="Walking.h">
      <Filter>Header Files\StateTypes\PlayerStates</Filter>
    </ClInclude>
    <ClInclude Include="Idle.h">
      <Filter>Header Files\StateTypes\PlayerStates</Filter>
    </ClInclude>
    <ClInclude Include="StaticMeshComponent.h">
      <Filter>Header Files\Components</Filter>
    </ClInclude>
    <ClInclude Include="InputComponent.h">
      <Filter>Header Files\Components</Filter>
    </ClInclude>
    <ClInclude Include="CollisionComponent.h">
      <Filter>Header Files\Components</Filter>
    </ClInclude>
    <ClInclude Include="MeshVertex.h">
      <Filter>Header Files</Filter>
    </ClInclude>
    <ClInclude Include="Character.h">
      <Filter>Header Files\Game Framework</Filter>
    </ClInclude>
    <ClInclude Include="GameObject.h">
      <Filter>Header Files\Game Framework</Filter>
    </ClInclude>
    <ClInclude Include="Player.h">
      <Filter>Header Files\Game Framework</Filter>
    </ClInclude>
    <ClInclude Include="Util.h">
      <Filter>Header Files</Filter>
    </ClInclude>
    <ClInclude Include="CameraComponent.h">
      <Filter>Header Files\Components</Filter>
    </ClInclude>
    <ClInclude Include="TextureComponent.h">
      <Filter>Header Files\Components</Filter>
    </ClInclude>
    <ClInclude Include="TextureShader.h">
      <Filter>Header Files\Shaders</Filter>
    </ClInclude>
    <ClInclude Include="RenderingComponent.h">
      <Filter>Header Files\Components</Filter>
    </ClInclude>
    <ClInclude Include="D3DComponent.h">
      <Filter>Header Files\Components</Filter>
    </ClInclude>
  </ItemGroup>
  <ItemGroup>
    <None Include="texture.ps">
      <Filter>Header Files\Shaders\Pixel Shaders</Filter>
    </None>
    <None Include="texture.vs">
      <Filter>Header Files\Shaders\Vertex Shaders</Filter>
    </None>
  </ItemGroup>
  <ItemGroup>
    <Image Include="assets\textures\test.dds">
      <Filter>Resource Files</Filter>
    </Image>
  </ItemGroup>
</Project>